// !$*UTF8*$!
{
	archiveVersion = 1;
	classes = {
	};
	objectVersion = 56;
	objects = {

/* Begin PBXBuildFile section */
		3F572525278007BF00BF398C /* Representable.swift in Sources */ = {isa = PBXBuildFile; fileRef = 3F572524278007BF00BF398C /* Representable.swift */; };
		3F5725282780080D00BF398C /* LocationManager.swift in Sources */ = {isa = PBXBuildFile; fileRef = 3F5725272780080D00BF398C /* LocationManager.swift */; };
		3FCCDCE42A642F4400E72D1B /* NavBarTutorialApp.swift in Sources */ = {isa = PBXBuildFile; fileRef = 3FCCDCE32A642F4400E72D1B /* NavBarTutorialApp.swift */; };
		3FCCDCE62A642F4400E72D1B /* ContentView.swift in Sources */ = {isa = PBXBuildFile; fileRef = 3FCCDCE52A642F4400E72D1B /* ContentView.swift */; };
		3FCCDCE82A642F4600E72D1B /* Assets.xcassets in Resources */ = {isa = PBXBuildFile; fileRef = 3FCCDCE72A642F4600E72D1B /* Assets.xcassets */; };
		3FCCDCEB2A642F4600E72D1B /* Preview Assets.xcassets in Resources */ = {isa = PBXBuildFile; fileRef = 3FCCDCEA2A642F4600E72D1B /* Preview Assets.xcassets */; };
		3FCCDCF32A642F8100E72D1B /* ViewA.swift in Sources */ = {isa = PBXBuildFile; fileRef = 3FCCDCF22A642F8100E72D1B /* ViewA.swift */; };
		3FCCDCF52A642F8E00E72D1B /* ViewB.swift in Sources */ = {isa = PBXBuildFile; fileRef = 3FCCDCF42A642F8E00E72D1B /* ViewB.swift */; };
		3FCCDCF72A642F9F00E72D1B /* ViewC.swift in Sources */ = {isa = PBXBuildFile; fileRef = 3FCCDCF62A642F9F00E72D1B /* ViewC.swift */; };
		3FCCDCF92A642FB200E72D1B /* ViewD.swift in Sources */ = {isa = PBXBuildFile; fileRef = 3FCCDCF82A642FB200E72D1B /* ViewD.swift */; };
		3FCCDCFB2A642FBD00E72D1B /* ViewE.swift in Sources */ = {isa = PBXBuildFile; fileRef = 3FCCDCFA2A642FBD00E72D1B /* ViewE.swift */; };
/* End PBXBuildFile section */

/* Begin PBXFileReference section */
		3F572524278007BF00BF398C /* Representable.swift */ = {isa = PBXFileReference; lastKnownFileType = sourcecode.swift; path = Representable.swift; sourceTree = "<group>"; };
		3F5725272780080D00BF398C /* LocationManager.swift */ = {isa = PBXFileReference; lastKnownFileType = sourcecode.swift; path = LocationManager.swift; sourceTree = "<group>"; };
		3FCCDCE02A642F4400E72D1B /* NavBarTutorial.app */ = {isa = PBXFileReference; explicitFileType = wrapper.application; includeInIndex = 0; path = NavBarTutorial.app; sourceTree = BUILT_PRODUCTS_DIR; };
		3FCCDCE32A642F4400E72D1B /* NavBarTutorialApp.swift */ = {isa = PBXFileReference; lastKnownFileType = sourcecode.swift; path = NavBarTutorialApp.swift; sourceTree = "<group>"; };
		3FCCDCE52A642F4400E72D1B /* ContentView.swift */ = {isa = PBXFileReference; lastKnownFileType = sourcecode.swift; path = ContentView.swift; sourceTree = "<group>"; };
		3FCCDCE72A642F4600E72D1B /* Assets.xcassets */ = {isa = PBXFileReference; lastKnownFileType = folder.assetcatalog; path = Assets.xcassets; sourceTree = "<group>"; };
		3FCCDCEA2A642F4600E72D1B /* Preview Assets.xcassets */ = {isa = PBXFileReference; lastKnownFileType = folder.assetcatalog; path = "Preview Assets.xcassets"; sourceTree = "<group>"; };
		3FCCDCF22A642F8100E72D1B /* ViewA.swift */ = {isa = PBXFileReference; lastKnownFileType = sourcecode.swift; path = ViewA.swift; sourceTree = "<group>"; };
		3FCCDCF42A642F8E00E72D1B /* ViewB.swift */ = {isa = PBXFileReference; lastKnownFileType = sourcecode.swift; path = ViewB.swift; sourceTree = "<group>"; };
		3FCCDCF62A642F9F00E72D1B /* ViewC.swift */ = {isa = PBXFileReference; lastKnownFileType = sourcecode.swift; path = ViewC.swift; sourceTree = "<group>"; };
		3FCCDCF82A642FB200E72D1B /* ViewD.swift */ = {isa = PBXFileReference; lastKnownFileType = sourcecode.swift; path = ViewD.swift; sourceTree = "<group>"; };
		3FCCDCFA2A642FBD00E72D1B /* ViewE.swift */ = {isa = PBXFileReference; lastKnownFileType = sourcecode.swift; path = ViewE.swift; sourceTree = "<group>"; };
/* End PBXFileReference section */

/* Begin PBXFrameworksBuildPhase section */
		3FCCDCDD2A642F4400E72D1B /* Frameworks */ = {
			isa = PBXFrameworksBuildPhase;
			buildActionMask = 2147483647;
			files = (
			);
			runOnlyForDeploymentPostprocessing = 0;
		};
/* End PBXFrameworksBuildPhase section */

/* Begin PBXGroup section */
		3F23F6C1278006ED00CCA7E7 /* New Group */ = {
			isa = PBXGroup;
			children = (
				3F572524278007BF00BF398C /* Representable.swift */,
			);
			name = "New Group";
			path = Views;
			sourceTree = "<group>";
		};
		3F572526278007FF00BF398C /* New Group1 */ = {
			isa = PBXGroup;
			children = (
				3F5725272780080D00BF398C /* LocationManager.swift */,
			);
			name = "New Group1";
			sourceTree = "<group>";
		};
		3FCCDCD72A642F4400E72D1B = {
			isa = PBXGroup;
			children = (
				3FCCDCE22A642F4400E72D1B /* NavBarTutorial */,
				3FCCDCE12A642F4400E72D1B /* Products */,
			);
			sourceTree = "<group>";
		};
		3FCCDCE12A642F4400E72D1B /* Products */ = {
			isa = PBXGroup;
			children = (
				3FCCDCE02A642F4400E72D1B /* NavBarTutorial.app */,
			);
			name = Products;
			sourceTree = "<group>";
		};
		3FCCDCE22A642F4400E72D1B /* NavBarTutorial */ = {
			isa = PBXGroup;
			children = (
				3FCCDCE32A642F4400E72D1B /* NavBarTutorialApp.swift */,
				3FCCDCE52A642F4400E72D1B /* ContentView.swift */,
				3FCCDCF12A642F6800E72D1B /* Views */,
				3F23F6C1278006ED00CCA7E7 /* New Group */,
				3F572526278007FF00BF398C /* New Group1 */,
				3FCCDCE72A642F4600E72D1B /* Assets.xcassets */,
				3FCCDCE92A642F4600E72D1B /* Preview Content */,
			);
			path = NavBarTutorial;
			sourceTree = "<group>";
		};
		3FCCDCE92A642F4600E72D1B /* Preview Content */ = {
			isa = PBXGroup;
			children = (
				3FCCDCEA2A642F4600E72D1B /* Preview Assets.xcassets */,
			);
			path = "Preview Content";
			sourceTree = "<group>";
		};
		3FCCDCF12A642F6800E72D1B /* Views */ = {
			isa = PBXGroup;
			children = (
				3FCCDCF22A642F8100E72D1B /* ViewA.swift */,
				3FCCDCF42A642F8E00E72D1B /* ViewB.swift */,
				3FCCDCF62A642F9F00E72D1B /* ViewC.swift */,
				3FCCDCF82A642FB200E72D1B /* ViewD.swift */,
				3FCCDCFA2A642FBD00E72D1B /* ViewE.swift */,
			);
			path = Views;
			sourceTree = "<group>";
		};
/* End PBXGroup section */

/* Begin PBXNativeTarget section */
		3FCCDCDF2A642F4400E72D1B /* NavBarTutorial */ = {
			isa = PBXNativeTarget;
			buildConfigurationList = 3FCCDCEE2A642F4600E72D1B /* Build configuration list for PBXNativeTarget "NavBarTutorial" */;
			buildPhases = (
				3FCCDCDC2A642F4400E72D1B /* Sources */,
				3FCCDCDD2A642F4400E72D1B /* Frameworks */,
				3FCCDCDE2A642F4400E72D1B /* Resources */,
			);
			buildRules = (
			);
			dependencies = (
			);
			name = NavBarTutorial;
			productName = NavBarTutorial;
			productReference = 3FCCDCE02A642F4400E72D1B /* NavBarTutorial.app */;
			productType = "com.apple.product-type.application";
		};
/* End PBXNativeTarget section */

/* Begin PBXProject section */
		3FCCDCD82A642F4400E72D1B /* Project object */ = {
			isa = PBXProject;
			attributes = {
				BuildIndependentTargetsInParallel = 1;
				LastSwiftUpdateCheck = 1420;
				LastUpgradeCheck = 1420;
				TargetAttributes = {
					3FCCDCDF2A642F4400E72D1B = {
						CreatedOnToolsVersion = 14.2;
					};
				};
			};
			buildConfigurationList = 3FCCDCDB2A642F4400E72D1B /* Build configuration list for PBXProject "NavBarTutorial" */;
			compatibilityVersion = "Xcode 14.0";
			developmentRegion = en;
			hasScannedForEncodings = 0;
			knownRegions = (
				en,
				Base,
			);
			mainGroup = 3FCCDCD72A642F4400E72D1B;
			productRefGroup = 3FCCDCE12A642F4400E72D1B /* Products */;
			projectDirPath = "";
			projectRoot = "";
			targets = (
				3FCCDCDF2A642F4400E72D1B /* NavBarTutorial */,
			);
		};
/* End PBXProject section */

/* Begin PBXResourcesBuildPhase section */
		3FCCDCDE2A642F4400E72D1B /* Resources */ = {
			isa = PBXResourcesBuildPhase;
			buildActionMask = 2147483647;
			files = (
				3FCCDCEB2A642F4600E72D1B /* Preview Assets.xcassets in Resources */,
				3FCCDCE82A642F4600E72D1B /* Assets.xcassets in Resources */,
			);
			runOnlyForDeploymentPostprocessing = 0;
		};
/* End PBXResourcesBuildPhase section */

/* Begin PBXSourcesBuildPhase section */
		3FCCDCDC2A642F4400E72D1B /* Sources */ = {
			isa = PBXSourcesBuildPhase;
			buildActionMask = 2147483647;
			files = (
				3FCCDCF92A642FB200E72D1B /* ViewD.swift in Sources */,
				3FCCDCFB2A642FBD00E72D1B /* ViewE.swift in Sources */,
				3FCCDCE62A642F4400E72D1B /* ContentView.swift in Sources */,
				3FCCDCF32A642F8100E72D1B /* ViewA.swift in Sources */,
				3FCCDCF72A642F9F00E72D1B /* ViewC.swift in Sources */,
				3F572525278007BF00BF398C /* Representable.swift in Sources */,
				3FCCDCE42A642F4400E72D1B /* NavBarTutorialApp.swift in Sources */,
				3F5725282780080D00BF398C /* LocationManager.swift in Sources */,
				3FCCDCF52A642F8E00E72D1B /* ViewB.swift in Sources */,
			);
			runOnlyForDeploymentPostprocessing = 0;
		};
/* End PBXSourcesBuildPhase section */

/* Begin XCBuildConfiguration section */
		3FCCDCEC2A642F4600E72D1B /* Debug */ = {
			isa = XCBuildConfiguration;
			buildSettings = {
				ALWAYS_SEARCH_USER_PATHS = NO;
				CLANG_ANALYZER_NONNULL = YES;
				CLANG_ANALYZER_NUMBER_OBJECT_CONVERSION = YES_AGGRESSIVE;
				CLANG_CXX_LANGUAGE_STANDARD = "gnu++20";
				CLANG_ENABLE_MODULES = YES;
				CLANG_ENABLE_OBJC_ARC = YES;
				CLANG_ENABLE_OBJC_WEAK = YES;
				CLANG_WARN_BLOCK_CAPTURE_AUTORELEASING = YES;
				CLANG_WARN_BOOL_CONVERSION = YES;
				CLANG_WARN_COMMA = YES;
				CLANG_WARN_CONSTANT_CONVERSION = YES;
				CLANG_WARN_DEPRECATED_OBJC_IMPLEMENTATIONS = YES;
				CLANG_WARN_DIRECT_OBJC_ISA_USAGE = YES_ERROR;
				CLANG_WARN_DOCUMENTATION_COMMENTS = YES;
				CLANG_WARN_EMPTY_BODY = YES;
				CLANG_WARN_ENUM_CONVERSION = YES;
				CLANG_WARN_INFINITE_RECURSION = YES;
				CLANG_WARN_INT_CONVERSION = YES;
				CLANG_WARN_NON_LITERAL_NULL_CONVERSION = YES;
				CLANG_WARN_OBJC_IMPLICIT_RETAIN_SELF = YES;
				CLANG_WARN_OBJC_LITERAL_CONVERSION = YES;
				CLANG_WARN_OBJC_ROOT_CLASS = YES_ERROR;
				CLANG_WARN_QUOTED_INCLUDE_IN_FRAMEWORK_HEADER = YES;
				CLANG_WARN_RANGE_LOOP_ANALYSIS = YES;
				CLANG_WARN_STRICT_PROTOTYPES = YES;
				CLANG_WARN_SUSPICIOUS_MOVE = YES;
				CLANG_WARN_UNGUARDED_AVAILABILITY = YES_AGGRESSIVE;
				CLANG_WARN_UNREACHABLE_CODE = YES;
				CLANG_WARN__DUPLICATE_METHOD_MATCH = YES;
				COPY_PHASE_STRIP = NO;
				DEBUG_INFORMATION_FORMAT = dwarf;
				ENABLE_STRICT_OBJC_MSGSEND = YES;
				ENABLE_TESTABILITY = YES;
				GCC_C_LANGUAGE_STANDARD = gnu11;
				GCC_DYNAMIC_NO_PIC = NO;
				GCC_NO_COMMON_BLOCKS = YES;
				GCC_OPTIMIZATION_LEVEL = 0;
				GCC_PREPROCESSOR_DEFINITIONS = (
					"DEBUG=1",
					"$(inherited)",
				);
				GCC_WARN_64_TO_32_BIT_CONVERSION = YES;
				GCC_WARN_ABOUT_RETURN_TYPE = YES_ERROR;
				GCC_WARN_UNDECLARED_SELECTOR = YES;
				GCC_WARN_UNINITIALIZED_AUTOS = YES_AGGRESSIVE;
				GCC_WARN_UNUSED_FUNCTION = YES;
				GCC_WARN_UNUSED_VARIABLE = YES;
				IPHONEOS_DEPLOYMENT_TARGET = 16.2;
				MTL_ENABLE_DEBUG_INFO = INCLUDE_SOURCE;
				MTL_FAST_MATH = YES;
				ONLY_ACTIVE_ARCH = YES;
				SDKROOT = iphoneos;
				SWIFT_ACTIVE_COMPILATION_CONDITIONS = DEBUG;
				SWIFT_OPTIMIZATION_LEVEL = "-Onone";
			};
			name = Debug;
		};
		3FCCDCED2A642F4600E72D1B /* Release */ = {
			isa = XCBuildConfiguration;
			buildSettings = {
				ALWAYS_SEARCH_USER_PATHS = NO;
				CLANG_ANALYZER_NONNULL = YES;
				CLANG_ANALYZER_NUMBER_OBJECT_CONVERSION = YES_AGGRESSIVE;
				CLANG_CXX_LANGUAGE_STANDARD = "gnu++20";
				CLANG_ENABLE_MODULES = YES;
				CLANG_ENABLE_OBJC_ARC = YES;
				CLANG_ENABLE_OBJC_WEAK = YES;
				CLANG_WARN_BLOCK_CAPTURE_AUTORELEASING = YES;
				CLANG_WARN_BOOL_CONVERSION = YES;
				CLANG_WARN_COMMA = YES;
				CLANG_WARN_CONSTANT_CONVERSION = YES;
				CLANG_WARN_DEPRECATED_OBJC_IMPLEMENTATIONS = YES;
				CLANG_WARN_DIRECT_OBJC_ISA_USAGE = YES_ERROR;
				CLANG_WARN_DOCUMENTATION_COMMENTS = YES;
				CLANG_WARN_EMPTY_BODY = YES;
				CLANG_WARN_ENUM_CONVERSION = YES;
				CLANG_WARN_INFINITE_RECURSION = YES;
				CLANG_WARN_INT_CONVERSION = YES;
				CLANG_WARN_NON_LITERAL_NULL_CONVERSION = YES;
				CLANG_WARN_OBJC_IMPLICIT_RETAIN_SELF = YES;
				CLANG_WARN_OBJC_LITERAL_CONVERSION = YES;
				CLANG_WARN_OBJC_ROOT_CLASS = YES_ERROR;
				CLANG_WARN_QUOTED_INCLUDE_IN_FRAMEWORK_HEADER = YES;
				CLANG_WARN_RANGE_LOOP_ANALYSIS = YES;
				CLANG_WARN_STRICT_PROTOTYPES = YES;
				CLANG_WARN_SUSPICIOUS_MOVE = YES;
				CLANG_WARN_UNGUARDED_AVAILABILITY = YES_AGGRESSIVE;
				CLANG_WARN_UNREACHABLE_CODE = YES;
				CLANG_WARN__DUPLICATE_METHOD_MATCH = YES;
				COPY_PHASE_STRIP = NO;
				DEBUG_INFORMATION_FORMAT = "dwarf-with-dsym";
				ENABLE_NS_ASSERTIONS = NO;
				ENABLE_STRICT_OBJC_MSGSEND = YES;
				GCC_C_LANGUAGE_STANDARD = gnu11;
				GCC_NO_COMMON_BLOCKS = YES;
				GCC_WARN_64_TO_32_BIT_CONVERSION = YES;
				GCC_WARN_ABOUT_RETURN_TYPE = YES_ERROR;
				GCC_WARN_UNDECLARED_SELECTOR = YES;
				GCC_WARN_UNINITIALIZED_AUTOS = YES_AGGRESSIVE;
				GCC_WARN_UNUSED_FUNCTION = YES;
				GCC_WARN_UNUSED_VARIABLE = YES;
				IPHONEOS_DEPLOYMENT_TARGET = 16.2;
				MTL_ENABLE_DEBUG_INFO = NO;
				MTL_FAST_MATH = YES;
				SDKROOT = iphoneos;
				SWIFT_COMPILATION_MODE = wholemodule;
				SWIFT_OPTIMIZATION_LEVEL = "-O";
				VALIDATE_PRODUCT = YES;
			};
			name = Release;
		};
		3FCCDCEF2A642F4600E72D1B /* Debug */ = {
			isa = XCBuildConfiguration;
			buildSettings = {
				ASSETCATALOG_COMPILER_APPICON_NAME = AppIcon;
				ASSETCATALOG_COMPILER_GLOBAL_ACCENT_COLOR_NAME = AccentColor;
				CODE_SIGN_STYLE = Automatic;
				CURRENT_PROJECT_VERSION = 1;
				DEVELOPMENT_ASSET_PATHS = "\"NavBarTutorial/Preview Content\"";
				ENABLE_PREVIEWS = YES;
				GENERATE_INFOPLIST_FILE = YES;
				INFOPLIST_KEY_UIApplicationSceneManifest_Generation = YES;
				INFOPLIST_KEY_UIApplicationSupportsIndirectInputEvents = YES;
				INFOPLIST_KEY_UILaunchScreen_Generation = YES;
				INFOPLIST_KEY_UISupportedInterfaceOrientations_iPad = "UIInterfaceOrientationPortrait UIInterfaceOrientationPortraitUpsideDown UIInterfaceOrientationLandscapeLeft UIInterfaceOrientationLandscapeRight";
				INFOPLIST_KEY_UISupportedInterfaceOrientations_iPhone = "UIInterfaceOrientationPortrait UIInterfaceOrientationLandscapeLeft UIInterfaceOrientationLandscapeRight";
				LD_RUNPATH_SEARCH_PATHS = (
					"$(inherited)",
					"@executable_path/Frameworks",
				);
				MARKETING_VERSION = 1.0;
				PRODUCT_BUNDLE_IDENTIFIER = com.codeliam.NavBarTutorial;
				PRODUCT_NAME = "$(TARGET_NAME)";
				SWIFT_EMIT_LOC_STRINGS = YES;
				SWIFT_VERSION = 5.0;
				TARGETED_DEVICE_FAMILY = "1,2";
			};
			name = Debug;
		};
		3FCCDCF02A642F4600E72D1B /* Release */ = {
			isa = XCBuildConfiguration;
			buildSettings = {
				ASSETCATALOG_COMPILER_APPICON_NAME = AppIcon;
				ASSETCATALOG_COMPILER_GLOBAL_ACCENT_COLOR_NAME = AccentColor;
				CODE_SIGN_STYLE = Automatic;
				CURRENT_PROJECT_VERSION = 1;
				DEVELOPMENT_ASSET_PATHS = "\"NavBarTutorial/Preview Content\"";
				ENABLE_PREVIEWS = YES;
				GENERATE_INFOPLIST_FILE = YES;
				INFOPLIST_KEY_UIApplicationSceneManifest_Generation = YES;
				INFOPLIST_KEY_UIApplicationSupportsIndirectInputEvents = YES;
				INFOPLIST_KEY_UILaunchScreen_Generation = YES;
				INFOPLIST_KEY_UISupportedInterfaceOrientations_iPad = "UIInterfaceOrientationPortrait UIInterfaceOrientationPortraitUpsideDown UIInterfaceOrientationLandscapeLeft UIInterfaceOrientationLandscapeRight";
				INFOPLIST_KEY_UISupportedInterfaceOrientations_iPhone = "UIInterfaceOrientationPortrait UIInterfaceOrientationLandscapeLeft UIInterfaceOrientationLandscapeRight";
				LD_RUNPATH_SEARCH_PATHS = (
					"$(inherited)",
					"@executable_path/Frameworks",
				);
				MARKETING_VERSION = 1.0;
				PRODUCT_BUNDLE_IDENTIFIER = com.codeliam.NavBarTutorial;
				PRODUCT_NAME = "$(TARGET_NAME)";
				SWIFT_EMIT_LOC_STRINGS = YES;
				SWIFT_VERSION = 5.0;
				TARGETED_DEVICE_FAMILY = "1,2";
			};
			name = Release;
		};
/* End XCBuildConfiguration section */

/* Begin XCConfigurationList section */
		3FCCDCDB2A642F4400E72D1B /* Build configuration list for PBXProject "NavBarTutorial" */ = {
			isa = XCConfigurationList;
			buildConfigurations = (
				3FCCDCEC2A642F4600E72D1B /* Debug */,
				3FCCDCED2A642F4600E72D1B /* Release */,
			);
			defaultConfigurationIsVisible = 0;
			defaultConfigurationName = Release;
		};
		3FCCDCEE2A642F4600E72D1B /* Build configuration list for PBXNativeTarget "NavBarTutorial" */ = {
			isa = XCConfigurationList;
			buildConfigurations = (
				3FCCDCEF2A642F4600E72D1B /* Debug */,
				3FCCDCF02A642F4600E72D1B /* Release */,
			);
			defaultConfigurationIsVisible = 0;
			defaultConfigurationName = Release;
		};
/* End XCConfigurationList section */
	};
	rootObject = 3FCCDCD82A642F4400E72D1B /* Project object */;
}
